
Microsoft Visual Studio Solution File, Format Version 12.00
# Visual Studio 14
VisualStudioVersion = 14.0.25420.1
MinimumVisualStudioVersion = 10.0.40219.1
Project("{FAE04EC0-301F-11D3-BF4B-00C04F79EFBC}") = "Day08 Dialogs", "Day08 Dialogs\Day08 Dialogs.csproj", "{4D9FD307-554D-4136-8C47-F2038B9178AC}"
EndProject
Project("{FAE04EC0-301F-11D3-BF4B-00C04F79EFBC}") = "EncryptDecrypt", "EncryptDecrypt\EncryptDecrypt.csproj", "{5502B62A-29FE-49E3-B52B-0D0DC0100379}"
EndProject
Global
	GlobalSection(SolutionConfigurationPlatforms) = preSolution
		Debug|Any CPU = Debug|Any CPU
		Release|Any CPU = Release|Any CPU
	EndGlobalSection
	GlobalSection(ProjectConfigurationPlatforms) = postSolution
		{4D9FD307-554D-4136-8C47-F2038B9178AC}.Debug|Any CPU.ActiveCfg = Debug|Any CPU
		{4D9FD307-554D-4136-8C47-F2038B9178AC}.Debug|Any CPU.Build.0 = Debug|Any CPU
		{4D9FD307-554D-4136-8C47-F2038B9178AC}.Release|Any CPU.ActiveCfg = Release|Any CPU
		{4D9FD307-554D-4136-8C47-F2038B9178AC}.Release|Any CPU.Build.0 = Release|Any CPU
		{5502B62A-29FE-49E3-B52B-0D0DC0100379}.Debug|Any CPU.ActiveCfg = Debug|Any CPU
		{5502B62A-29FE-49E3-B52B-0D0DC0100379}.Debug|Any CPU.Build.0 = Debug|Any CPU
		{5502B62A-29FE-49E3-B52B-0D0DC0100379}.Release|Any CPU.ActiveCfg = Release|Any CPU
		{5502B62A-29FE-49E3-B52B-0D0DC0100379}.Release|Any CPU.Build.0 = Release|Any CPU
	EndGlobalSection
	GlobalSection(SolutionProperties) = preSolution
		HideSolutionNode = FALSE
	EndGlobalSection
EndGlobal
